
Microsoft Visual Studio Solution File, Format Version 12.00
# Visual Studio Version 17
VisualStudioVersion = 17.13.35828.75 d17.13
MinimumVisualStudioVersion = 10.0.40219.1
Project("{FAE04EC0-301F-11D3-BF4B-00C04F79EFBC}") = "albanPortfolio", "albanPortfolio.csproj", "{59EEDE80-B93B-4AF6-ABF4-6C02639B2321}"
EndProject
Global
	GlobalSection(SolutionConfigurationPlatforms) = preSolution
		Debug|Any CPU = Debug|Any CPU
		Release|Any CPU = Release|Any CPU
	EndGlobalSection
	GlobalSection(ProjectConfigurationPlatforms) = postSolution
		{59EEDE80-B93B-4AF6-ABF4-6C02639B2321}.Debug|Any CPU.ActiveCfg = Debug|Any CPU
		{59EEDE80-B93B-4AF6-ABF4-6C02639B2321}.Debug|Any CPU.Build.0 = Debug|Any CPU
		{59EEDE80-B93B-4AF6-ABF4-6C02639B2321}.Release|Any CPU.ActiveCfg = Release|Any CPU
		{59EEDE80-B93B-4AF6-ABF4-6C02639B2321}.Release|Any CPU.Build.0 = Release|Any CPU
	EndGlobalSection
	GlobalSection(SolutionProperties) = preSolution
		HideSolutionNode = FALSE
	EndGlobalSection
	GlobalSection(ExtensibilityGlobals) = postSolution
		SolutionGuid = {EF35C958-0235-47EE-9C53-AAEB50623419}
	EndGlobalSection
EndGlobal
